
Microsoft Visual Studio Solution File, Format Version 12.00
# Visual Studio Version 17
VisualStudioVersion = 17.7.34031.279
MinimumVisualStudioVersion = 10.0.40219.1
Project("{F184B08F-C81C-45F6-A57F-5ABD9991F28F}") = "ExCalculos", "ExCalculos.vbproj", "{498F9251-76C3-4424-8B04-DA00D70424BE}"
EndProject
Global
	GlobalSection(SolutionConfigurationPlatforms) = preSolution
		Debug|Any CPU = Debug|Any CPU
		Release|Any CPU = Release|Any CPU
	EndGlobalSection
	GlobalSection(ProjectConfigurationPlatforms) = postSolution
		{498F9251-76C3-4424-8B04-DA00D70424BE}.Debug|Any CPU.ActiveCfg = Debug|Any CPU
		{498F9251-76C3-4424-8B04-DA00D70424BE}.Debug|Any CPU.Build.0 = Debug|Any CPU
		{498F9251-76C3-4424-8B04-DA00D70424BE}.Release|Any CPU.ActiveCfg = Release|Any CPU
		{498F9251-76C3-4424-8B04-DA00D70424BE}.Release|Any CPU.Build.0 = Release|Any CPU
	EndGlobalSection
	GlobalSection(SolutionProperties) = preSolution
		HideSolutionNode = FALSE
	EndGlobalSection
	GlobalSection(ExtensibilityGlobals) = postSolution
		SolutionGuid = {272A7D82-5653-4BFD-AD72-94A6A501F7A9}
	EndGlobalSection
EndGlobal
