
Microsoft Visual Studio Solution File, Format Version 12.00
# Visual Studio Version 17
VisualStudioVersion = 17.7.34031.279
MinimumVisualStudioVersion = 10.0.40219.1
Project("{FAE04EC0-301F-11D3-BF4B-00C04F79EFBC}") = "Formatos", "Formatos.csproj", "{8BBF8A40-4A62-4FA4-B26D-5EC95154D4F7}"
EndProject
Global
	GlobalSection(SolutionConfigurationPlatforms) = preSolution
		Debug|Any CPU = Debug|Any CPU
		Release|Any CPU = Release|Any CPU
	EndGlobalSection
	GlobalSection(ProjectConfigurationPlatforms) = postSolution
		{8BBF8A40-4A62-4FA4-B26D-5EC95154D4F7}.Debug|Any CPU.ActiveCfg = Debug|Any CPU
		{8BBF8A40-4A62-4FA4-B26D-5EC95154D4F7}.Debug|Any CPU.Build.0 = Debug|Any CPU
		{8BBF8A40-4A62-4FA4-B26D-5EC95154D4F7}.Release|Any CPU.ActiveCfg = Release|Any CPU
		{8BBF8A40-4A62-4FA4-B26D-5EC95154D4F7}.Release|Any CPU.Build.0 = Release|Any CPU
	EndGlobalSection
	GlobalSection(SolutionProperties) = preSolution
		HideSolutionNode = FALSE
	EndGlobalSection
	GlobalSection(ExtensibilityGlobals) = postSolution
		SolutionGuid = {126FBE04-817D-4ABC-97DF-8FBE81BEAECF}
	EndGlobalSection
EndGlobal
