
Microsoft Visual Studio Solution File, Format Version 12.00
# Visual Studio Version 17
VisualStudioVersion = 17.7.34221.43
MinimumVisualStudioVersion = 10.0.40219.1
Project("{F184B08F-C81C-45F6-A57F-5ABD9991F28F}") = "ExBDSQL", "ExBDSQL.vbproj", "{5C1565A7-88BF-4BF5-9217-EF6954C45BDC}"
EndProject
Global
	GlobalSection(SolutionConfigurationPlatforms) = preSolution
		Debug|Any CPU = Debug|Any CPU
		Release|Any CPU = Release|Any CPU
	EndGlobalSection
	GlobalSection(ProjectConfigurationPlatforms) = postSolution
		{5C1565A7-88BF-4BF5-9217-EF6954C45BDC}.Debug|Any CPU.ActiveCfg = Debug|Any CPU
		{5C1565A7-88BF-4BF5-9217-EF6954C45BDC}.Debug|Any CPU.Build.0 = Debug|Any CPU
		{5C1565A7-88BF-4BF5-9217-EF6954C45BDC}.Release|Any CPU.ActiveCfg = Release|Any CPU
		{5C1565A7-88BF-4BF5-9217-EF6954C45BDC}.Release|Any CPU.Build.0 = Release|Any CPU
	EndGlobalSection
	GlobalSection(SolutionProperties) = preSolution
		HideSolutionNode = FALSE
	EndGlobalSection
	GlobalSection(ExtensibilityGlobals) = postSolution
		SolutionGuid = {6622C8DC-9AF5-4EC0-855B-FBBF8DA2F332}
	EndGlobalSection
EndGlobal
