
Microsoft Visual Studio Solution File, Format Version 12.00
# Visual Studio Version 17
VisualStudioVersion = 17.7.34018.315
MinimumVisualStudioVersion = 10.0.40219.1
Project("{F184B08F-C81C-45F6-A57F-5ABD9991F28F}") = "Ex1", "Ex1.vbproj", "{5172546D-E531-4289-A3A2-DCAF480FBE89}"
EndProject
Global
	GlobalSection(SolutionConfigurationPlatforms) = preSolution
		Debug|Any CPU = Debug|Any CPU
		Release|Any CPU = Release|Any CPU
	EndGlobalSection
	GlobalSection(ProjectConfigurationPlatforms) = postSolution
		{5172546D-E531-4289-A3A2-DCAF480FBE89}.Debug|Any CPU.ActiveCfg = Debug|Any CPU
		{5172546D-E531-4289-A3A2-DCAF480FBE89}.Debug|Any CPU.Build.0 = Debug|Any CPU
		{5172546D-E531-4289-A3A2-DCAF480FBE89}.Release|Any CPU.ActiveCfg = Release|Any CPU
		{5172546D-E531-4289-A3A2-DCAF480FBE89}.Release|Any CPU.Build.0 = Release|Any CPU
	EndGlobalSection
	GlobalSection(SolutionProperties) = preSolution
		HideSolutionNode = FALSE
	EndGlobalSection
	GlobalSection(ExtensibilityGlobals) = postSolution
		SolutionGuid = {E09E66E3-1415-4BAC-9E63-E370FC8C07EE}
	EndGlobalSection
EndGlobal
