
Microsoft Visual Studio Solution File, Format Version 12.00
# Visual Studio Version 17
VisualStudioVersion = 17.7.34018.315
MinimumVisualStudioVersion = 10.0.40219.1
Project("{F184B08F-C81C-45F6-A57F-5ABD9991F28F}") = "Ex1", "Ex1.vbproj", "{5172546D-E531-4289-A3A2-DCAF480FBE89}"
EndProject
Project("{F184B08F-C81C-45F6-A57F-5ABD9991F28F}") = "Calculadora", "..\Calculadora\Calculadora.vbproj", "{074BB9A1-2B2F-4C1B-971B-F40510FC5CAB}"
EndProject
Project("{F184B08F-C81C-45F6-A57F-5ABD9991F28F}") = "DiversosControlosVB", "..\DiversosControlosVB\DiversosControlosVB.vbproj", "{58E7EF50-E040-4820-A931-A9AB9A1CCDE5}"
EndProject
Project("{F184B08F-C81C-45F6-A57F-5ABD9991F28F}") = "RadioButton", "..\RadioButton\RadioButton.vbproj", "{8A869984-EA12-4883-B526-7FD7B0016AD0}"
EndProject
Project("{F184B08F-C81C-45F6-A57F-5ABD9991F28F}") = "Tarefa3Viagem", "..\Tarefa3Viagem\Tarefa3Viagem.vbproj", "{82445D1B-404B-44F1-8B52-BBAD4E6EFD53}"
EndProject
Project("{F184B08F-C81C-45F6-A57F-5ABD9991F28F}") = "Exemplo2", "..\Exemplo2\Exemplo2.vbproj", "{A6310A38-D183-4E9F-9F21-CD5813C1738E}"
EndProject
Global
	GlobalSection(SolutionConfigurationPlatforms) = preSolution
		Debug|Any CPU = Debug|Any CPU
		Release|Any CPU = Release|Any CPU
	EndGlobalSection
	GlobalSection(ProjectConfigurationPlatforms) = postSolution
		{5172546D-E531-4289-A3A2-DCAF480FBE89}.Debug|Any CPU.ActiveCfg = Debug|Any CPU
		{5172546D-E531-4289-A3A2-DCAF480FBE89}.Debug|Any CPU.Build.0 = Debug|Any CPU
		{5172546D-E531-4289-A3A2-DCAF480FBE89}.Release|Any CPU.ActiveCfg = Release|Any CPU
		{5172546D-E531-4289-A3A2-DCAF480FBE89}.Release|Any CPU.Build.0 = Release|Any CPU
		{074BB9A1-2B2F-4C1B-971B-F40510FC5CAB}.Debug|Any CPU.ActiveCfg = Debug|Any CPU
		{074BB9A1-2B2F-4C1B-971B-F40510FC5CAB}.Debug|Any CPU.Build.0 = Debug|Any CPU
		{074BB9A1-2B2F-4C1B-971B-F40510FC5CAB}.Release|Any CPU.ActiveCfg = Release|Any CPU
		{074BB9A1-2B2F-4C1B-971B-F40510FC5CAB}.Release|Any CPU.Build.0 = Release|Any CPU
		{58E7EF50-E040-4820-A931-A9AB9A1CCDE5}.Debug|Any CPU.ActiveCfg = Debug|Any CPU
		{58E7EF50-E040-4820-A931-A9AB9A1CCDE5}.Debug|Any CPU.Build.0 = Debug|Any CPU
		{58E7EF50-E040-4820-A931-A9AB9A1CCDE5}.Release|Any CPU.ActiveCfg = Release|Any CPU
		{58E7EF50-E040-4820-A931-A9AB9A1CCDE5}.Release|Any CPU.Build.0 = Release|Any CPU
		{8A869984-EA12-4883-B526-7FD7B0016AD0}.Debug|Any CPU.ActiveCfg = Debug|Any CPU
		{8A869984-EA12-4883-B526-7FD7B0016AD0}.Debug|Any CPU.Build.0 = Debug|Any CPU
		{8A869984-EA12-4883-B526-7FD7B0016AD0}.Release|Any CPU.ActiveCfg = Release|Any CPU
		{8A869984-EA12-4883-B526-7FD7B0016AD0}.Release|Any CPU.Build.0 = Release|Any CPU
		{82445D1B-404B-44F1-8B52-BBAD4E6EFD53}.Debug|Any CPU.ActiveCfg = Debug|Any CPU
		{82445D1B-404B-44F1-8B52-BBAD4E6EFD53}.Debug|Any CPU.Build.0 = Debug|Any CPU
		{82445D1B-404B-44F1-8B52-BBAD4E6EFD53}.Release|Any CPU.ActiveCfg = Release|Any CPU
		{82445D1B-404B-44F1-8B52-BBAD4E6EFD53}.Release|Any CPU.Build.0 = Release|Any CPU
		{A6310A38-D183-4E9F-9F21-CD5813C1738E}.Debug|Any CPU.ActiveCfg = Debug|Any CPU
		{A6310A38-D183-4E9F-9F21-CD5813C1738E}.Debug|Any CPU.Build.0 = Debug|Any CPU
		{A6310A38-D183-4E9F-9F21-CD5813C1738E}.Release|Any CPU.ActiveCfg = Release|Any CPU
		{A6310A38-D183-4E9F-9F21-CD5813C1738E}.Release|Any CPU.Build.0 = Release|Any CPU
	EndGlobalSection
	GlobalSection(SolutionProperties) = preSolution
		HideSolutionNode = FALSE
	EndGlobalSection
	GlobalSection(ExtensibilityGlobals) = postSolution
		SolutionGuid = {E09E66E3-1415-4BAC-9E63-E370FC8C07EE}
	EndGlobalSection
EndGlobal
