
Microsoft Visual Studio Solution File, Format Version 12.00
# Visual Studio Version 17
VisualStudioVersion = 17.7.34031.279
MinimumVisualStudioVersion = 10.0.40219.1
Project("{FAE04EC0-301F-11D3-BF4B-00C04F79EFBC}") = "Datas", "Datas.csproj", "{D35EBC0F-A6E2-4F6B-9CDE-29CCA3D9E749}"
EndProject
Global
	GlobalSection(SolutionConfigurationPlatforms) = preSolution
		Debug|Any CPU = Debug|Any CPU
		Release|Any CPU = Release|Any CPU
	EndGlobalSection
	GlobalSection(ProjectConfigurationPlatforms) = postSolution
		{D35EBC0F-A6E2-4F6B-9CDE-29CCA3D9E749}.Debug|Any CPU.ActiveCfg = Debug|Any CPU
		{D35EBC0F-A6E2-4F6B-9CDE-29CCA3D9E749}.Debug|Any CPU.Build.0 = Debug|Any CPU
		{D35EBC0F-A6E2-4F6B-9CDE-29CCA3D9E749}.Release|Any CPU.ActiveCfg = Release|Any CPU
		{D35EBC0F-A6E2-4F6B-9CDE-29CCA3D9E749}.Release|Any CPU.Build.0 = Release|Any CPU
	EndGlobalSection
	GlobalSection(SolutionProperties) = preSolution
		HideSolutionNode = FALSE
	EndGlobalSection
	GlobalSection(ExtensibilityGlobals) = postSolution
		SolutionGuid = {36AC8CDB-1F59-4200-910F-4CA7EB39A1C3}
	EndGlobalSection
EndGlobal
