
Microsoft Visual Studio Solution File, Format Version 11.00
# Visual Studio 2010
Project("{F184B08F-C81C-45F6-A57F-5ABD9991F28F}") = "Project321", "Project321\Project321.vbproj", "{226F08B9-10B6-4AD5-8372-10FEB14AA1B4}"
EndProject
Global
	GlobalSection(SolutionConfigurationPlatforms) = preSolution
		Debug|x86 = Debug|x86
		Release|x86 = Release|x86
	EndGlobalSection
	GlobalSection(ProjectConfigurationPlatforms) = postSolution
		{226F08B9-10B6-4AD5-8372-10FEB14AA1B4}.Debug|x86.ActiveCfg = Debug|x86
		{226F08B9-10B6-4AD5-8372-10FEB14AA1B4}.Debug|x86.Build.0 = Debug|x86
		{226F08B9-10B6-4AD5-8372-10FEB14AA1B4}.Release|x86.ActiveCfg = Release|x86
		{226F08B9-10B6-4AD5-8372-10FEB14AA1B4}.Release|x86.Build.0 = Release|x86
	EndGlobalSection
	GlobalSection(SolutionProperties) = preSolution
		HideSolutionNode = FALSE
	EndGlobalSection
EndGlobal
